
Microsoft Visual Studio Solution File, Format Version 12.00
# Visual Studio Version 17
VisualStudioVersion = 17.9.34728.123
MinimumVisualStudioVersion = 10.0.40219.1
Project("{9A19103F-16F7-4668-BE54-9A1E7A4F7556}") = "Genbrugsmarked", "Genbrugsmarked\Genbrugsmarked.csproj", "{1D77E6F1-7166-4A78-8E9D-5465B023474A}"
	ProjectSection(ProjectDependencies) = postProject
		{8F81EA5D-05B6-4E2C-A290-6C691EEAE16D} = {8F81EA5D-05B6-4E2C-A290-6C691EEAE16D}
	EndProjectSection
EndProject
Project("{9A19103F-16F7-4668-BE54-9A1E7A4F7556}") = "Serverapi", "Serverapi\Serverapi.csproj", "{4C22D2EB-3E69-4C54-9F8A-EA4B9CD3D77E}"
	ProjectSection(ProjectDependencies) = postProject
		{8F81EA5D-05B6-4E2C-A290-6C691EEAE16D} = {8F81EA5D-05B6-4E2C-A290-6C691EEAE16D}
	EndProjectSection
EndProject
Project("{9A19103F-16F7-4668-BE54-9A1E7A4F7556}") = "Core", "Core\Core.csproj", "{8F81EA5D-05B6-4E2C-A290-6C691EEAE16D}"
EndProject
Global
	GlobalSection(SolutionConfigurationPlatforms) = preSolution
		Debug|Any CPU = Debug|Any CPU
		Release|Any CPU = Release|Any CPU
	EndGlobalSection
	GlobalSection(ProjectConfigurationPlatforms) = postSolution
		{1D77E6F1-7166-4A78-8E9D-5465B023474A}.Debug|Any CPU.ActiveCfg = Debug|Any CPU
		{1D77E6F1-7166-4A78-8E9D-5465B023474A}.Debug|Any CPU.Build.0 = Debug|Any CPU
		{1D77E6F1-7166-4A78-8E9D-5465B023474A}.Release|Any CPU.ActiveCfg = Release|Any CPU
		{1D77E6F1-7166-4A78-8E9D-5465B023474A}.Release|Any CPU.Build.0 = Release|Any CPU
		{4C22D2EB-3E69-4C54-9F8A-EA4B9CD3D77E}.Debug|Any CPU.ActiveCfg = Debug|Any CPU
		{4C22D2EB-3E69-4C54-9F8A-EA4B9CD3D77E}.Debug|Any CPU.Build.0 = Debug|Any CPU
		{4C22D2EB-3E69-4C54-9F8A-EA4B9CD3D77E}.Release|Any CPU.ActiveCfg = Release|Any CPU
		{4C22D2EB-3E69-4C54-9F8A-EA4B9CD3D77E}.Release|Any CPU.Build.0 = Release|Any CPU
		{8F81EA5D-05B6-4E2C-A290-6C691EEAE16D}.Debug|Any CPU.ActiveCfg = Debug|Any CPU
		{8F81EA5D-05B6-4E2C-A290-6C691EEAE16D}.Debug|Any CPU.Build.0 = Debug|Any CPU
		{8F81EA5D-05B6-4E2C-A290-6C691EEAE16D}.Release|Any CPU.ActiveCfg = Release|Any CPU
		{8F81EA5D-05B6-4E2C-A290-6C691EEAE16D}.Release|Any CPU.Build.0 = Release|Any CPU
	EndGlobalSection
	GlobalSection(SolutionProperties) = preSolution
		HideSolutionNode = FALSE
	EndGlobalSection
	GlobalSection(ExtensibilityGlobals) = postSolution
		SolutionGuid = {E2C8D8ED-539D-43F7-B253-6E3B8EEEDD24}
	EndGlobalSection
EndGlobal
